{
  "lockfileVersion": 1,
  "configVersion": 1,
  "workspaces": {
    "": {
      "name": "setup-cli",
      "dependencies": {
        "@actions/core": "^3.0.0",
        "@actions/tool-cache": "^4.0.0",
      },
      "devDependencies": {
        "@tsconfig/bun": "^1.0.10",
        "@types/bun": "^1.3.11",
        "@typescript/native-preview": "^7.0.0-dev.20260401.1",
        "oxfmt": "^0.43.0",
        "oxlint": "^1.58.0",
        "oxlint-tsgolint": "^0.19.0",
      },
    },
  },
  "packages": {
    "@actions/core": ["@actions/core@3.0.0", "", { "dependencies": { "@actions/exec": "^3.0.0", "@actions/http-client": "^4.0.0" } }, "sha512-zYt6cz+ivnTmiT/ksRVriMBOiuoUpDCJJlZ5KPl2/FRdvwU3f7MPh9qftvbkXJThragzUZieit2nyHUyw53Seg=="],

    "@actions/exec": ["@actions/exec@3.0.0", "", { "dependencies": { "@actions/io": "^3.0.2" } }, "sha512-6xH/puSoNBXb72VPlZVm7vQ+svQpFyA96qdDBvhB8eNZOE8LtPf9L4oAsfzK/crCL8YZ+19fKYVnM63Sl+Xzlw=="],

    "@actions/http-client": ["@actions/http-client@4.0.0", "", { "dependencies": { "tunnel": "^0.0.6", "undici": "^6.23.0" } }, "sha512-QuwPsgVMsD6qaPD57GLZi9sqzAZCtiJT8kVBCDpLtxhL5MydQ4gS+DrejtZZPdIYyB1e95uCK9Luyds7ybHI3g=="],

    "@actions/io": ["@actions/io@3.0.2", "", {}, "sha512-nRBchcMM+QK1pdjO7/idu86rbJI5YHUKCvKs0KxnSYbVe3F51UfGxuZX4Qy/fWlp6l7gWFwIkrOzN+oUK03kfw=="],

    "@actions/tool-cache": ["@actions/tool-cache@4.0.0", "", { "dependencies": { "@actions/core": "^3.0.0", "@actions/exec": "^3.0.0", "@actions/http-client": "^4.0.0", "@actions/io": "^3.0.0", "semver": "^7.7.3" } }, "sha512-L8P9HbXvpvqjZDveb/fdsa55IVC0trfPgQ4ZwGo6r5af6YDVdM9vMGPZ7rgY2fAT9gGj4PSYd6bYlg3p3jD78A=="],

    "@oxfmt/binding-android-arm-eabi": ["@oxfmt/binding-android-arm-eabi@0.43.0", "", { "os": "android", "cpu": "arm" }, "sha512-CgU2s+/9hHZgo0IxVxrbMPrMj+tJ6VM3mD7Mr/4oiz4FNTISLoCvRmB5nk4wAAle045RtRjd86m673jwPyb1OQ=="],

    "@oxfmt/binding-android-arm64": ["@oxfmt/binding-android-arm64@0.43.0", "", { "os": "android", "cpu": "arm64" }, "sha512-T9OfRwjA/EdYxAqbvR7TtqLv5nIrwPXuCtTwOHtS7aR9uXyn74ZYgzgTo6/ZwvTq9DY4W+DsV09hB2EXgn9EbA=="],

    "@oxfmt/binding-darwin-arm64": ["@oxfmt/binding-darwin-arm64@0.43.0", "", { "os": "darwin", "cpu": "arm64" }, "sha512-o3i49ZUSJWANzXMAAVY1wnqb65hn4JVzwlRQ5qfcwhRzIA8lGVaud31Q3by5ALHPrksp5QEaKCQF9aAS3TXpZA=="],

    "@oxfmt/binding-darwin-x64": ["@oxfmt/binding-darwin-x64@0.43.0", "", { "os": "darwin", "cpu": "x64" }, "sha512-vWECzzCFkb0kK6jaHjbtC5sC3adiNWtqawFCxhpvsWlzVeKmv5bNvkB4nux+o4JKWTpHCM57NDK/MeXt44txmA=="],

    "@oxfmt/binding-freebsd-x64": ["@oxfmt/binding-freebsd-x64@0.43.0", "", { "os": "freebsd", "cpu": "x64" }, "sha512-rgz8JpkKiI/umOf7fl9gwKyQasC8bs5SYHy6g7e4SunfLBY3+8ATcD5caIg8KLGEtKFm5ujKaH8EfjcmnhzTLg=="],

    "@oxfmt/binding-linux-arm-gnueabihf": ["@oxfmt/binding-linux-arm-gnueabihf@0.43.0", "", { "os": "linux", "cpu": "arm" }, "sha512-nWYnF3vIFzT4OM1qL/HSf1Yuj96aBuKWSaObXHSWliwAk2rcj7AWd6Lf7jowEBQMo4wCZVnueIGw/7C4u0KTBQ=="],

    "@oxfmt/binding-linux-arm-musleabihf": ["@oxfmt/binding-linux-arm-musleabihf@0.43.0", "", { "os": "linux", "cpu": "arm" }, "sha512-sFg+NWJbLfupYTF4WELHAPSnLPOn1jiDZ33Z1jfDnTaA+cC3iB35x0FMMZTFdFOz3icRIArncwCcemJFGXu6TQ=="],

    "@oxfmt/binding-linux-arm64-gnu": ["@oxfmt/binding-linux-arm64-gnu@0.43.0", "", { "os": "linux", "cpu": "arm64" }, "sha512-MelWqv68tX6wZEILDrTc9yewiGXe7im62+5x0bNXlCYFOZdA+VnYiJfAihbROsZ5fm90p9C3haFrqjj43XnlAA=="],

    "@oxfmt/binding-linux-arm64-musl": ["@oxfmt/binding-linux-arm64-musl@0.43.0", "", { "os": "linux", "cpu": "arm64" }, "sha512-ROaWfYh+6BSJ1Arwy5ujijTlwnZetxDxzBpDc1oBR4d7rfrPBqzeyjd5WOudowzQUgyavl2wEpzn1hw3jWcqLA=="],

    "@oxfmt/binding-linux-ppc64-gnu": ["@oxfmt/binding-linux-ppc64-gnu@0.43.0", "", { "os": "linux", "cpu": "ppc64" }, "sha512-PJRs/uNxmFipJJ8+SyKHh7Y7VZIKQicqrrBzvfyM5CtKi8D7yZKTwUOZV3ffxmiC2e7l1SDJpkBEOyue5NAFsg=="],

    "@oxfmt/binding-linux-riscv64-gnu": ["@oxfmt/binding-linux-riscv64-gnu@0.43.0", "", { "os": "linux", "cpu": "none" }, "sha512-j6biGAgzIhj+EtHXlbNumvwG7XqOIdiU4KgIWRXAEj/iUbHKukKW8eXa4MIwpQwW1YkxovduKtzEAPnjlnAhVQ=="],

    "@oxfmt/binding-linux-riscv64-musl": ["@oxfmt/binding-linux-riscv64-musl@0.43.0", "", { "os": "linux", "cpu": "none" }, "sha512-RYWxAcslKxvy7yri24Xm9cmD0RiANaiEPs007EFG6l9h1ChM69Q5SOzACaCoz4Z9dEplnhhneeBaTWMEdpgIbA=="],

    "@oxfmt/binding-linux-s390x-gnu": ["@oxfmt/binding-linux-s390x-gnu@0.43.0", "", { "os": "linux", "cpu": "s390x" }, "sha512-DT6Q8zfQQy3jxpezAsBACEHNUUixKSYTwdXeXojNHe4DQOoxjPdjr3Szu6BRNjxLykZM/xMNmp9ElOIyDppwtw=="],

    "@oxfmt/binding-linux-x64-gnu": ["@oxfmt/binding-linux-x64-gnu@0.43.0", "", { "os": "linux", "cpu": "x64" }, "sha512-R8Yk7iYcuZORXmCfFZClqbDxRZgZ9/HEidUuBNdoX8Ptx07cMePnMVJ/woB84lFIDjh2ROHVaOP40Ds3rBXFqg=="],

    "@oxfmt/binding-linux-x64-musl": ["@oxfmt/binding-linux-x64-musl@0.43.0", "", { "os": "linux", "cpu": "x64" }, "sha512-F2YYqyvnQNvi320RWZNAvsaWEHwmW3k4OwNJ1hZxRKXupY63expbBaNp6jAgvYs7y/g546vuQnGHQuCBhslhLQ=="],

    "@oxfmt/binding-openharmony-arm64": ["@oxfmt/binding-openharmony-arm64@0.43.0", "", { "os": "none", "cpu": "arm64" }, "sha512-OE6TdietLXV3F6c7pNIhx/9YC1/2YFwjU9DPc/fbjxIX19hNIaP1rS0cFjCGJlGX+cVJwIKWe8Mos+LdQ1yAJw=="],

    "@oxfmt/binding-win32-arm64-msvc": ["@oxfmt/binding-win32-arm64-msvc@0.43.0", "", { "os": "win32", "cpu": "arm64" }, "sha512-0nWK6a7pGkbdoypfVicmV9k/N1FwjPZENoqhlTU+5HhZnAhpIO3za30nEE33u6l6tuy9OVfpdXUqxUgZ+4lbZw=="],

    "@oxfmt/binding-win32-ia32-msvc": ["@oxfmt/binding-win32-ia32-msvc@0.43.0", "", { "os": "win32", "cpu": "ia32" }, "sha512-9aokTR4Ft+tRdvgN/pKzSkVy2ksc4/dCpDm9L/xFrbIw0yhLtASLbvoG/5WOTUh/BRPPnfGTsWznEqv0dlOmhA=="],

    "@oxfmt/binding-win32-x64-msvc": ["@oxfmt/binding-win32-x64-msvc@0.43.0", "", { "os": "win32", "cpu": "x64" }, "sha512-4bPgdQux2ZLWn3bf2TTXXMHcJB4lenmuxrLqygPmvCJ104Yqzj1UctxSRzR31TiJ4MLaG22RK8dUsVpJtrCz5g=="],

    "@oxlint-tsgolint/darwin-arm64": ["@oxlint-tsgolint/darwin-arm64@0.19.0", "", { "os": "darwin", "cpu": "arm64" }, "sha512-FVOIp5Njte8Z6PpINz7sL5blqSro0pAL8VAHYQ+K5Xm4cOrPQ6DGIhH14oXnbRjzn8Kl69qjz8TPteyn8EqwsQ=="],

    "@oxlint-tsgolint/darwin-x64": ["@oxlint-tsgolint/darwin-x64@0.19.0", "", { "os": "darwin", "cpu": "x64" }, "sha512-GakDTDACePvqOFq3N4oQCl8SyMMa7VBnqV0gDcXPuK50jdWCUqlxM9tgRJarjyIVvmDEJRGYOen+4uBtVwg4Aw=="],

    "@oxlint-tsgolint/linux-arm64": ["@oxlint-tsgolint/linux-arm64@0.19.0", "", { "os": "linux", "cpu": "arm64" }, "sha512-Ya0R7somo+KDhhkPtENJ9Q28Fost+aqA3MPe86pEqgmukHFc/KO65PgShOSbIFjZNptELEQvsWL8gDxYZWhH3w=="],

    "@oxlint-tsgolint/linux-x64": ["@oxlint-tsgolint/linux-x64@0.19.0", "", { "os": "linux", "cpu": "x64" }, "sha512-yFH378jWc1k/oJmpk+TKpWbKvFieJJvsOHxVMSNFc+ukqs44ZSHVt4HFfAhXAt/bzVK2f7EIDTGp8Hm1OjoJ6Q=="],

    "@oxlint-tsgolint/win32-arm64": ["@oxlint-tsgolint/win32-arm64@0.19.0", "", { "os": "win32", "cpu": "arm64" }, "sha512-R6NyAtha7OWxh7NGBeFxqDTGAVl1Xj4xLa8Qj39PKbIDqBeVW8BIb+1nEnRp+Mo/VpRoeoFAcqlBsuMcUMd26Q=="],

    "@oxlint-tsgolint/win32-x64": ["@oxlint-tsgolint/win32-x64@0.19.0", "", { "os": "win32", "cpu": "x64" }, "sha512-2ePvxcbS5tPOmrQvxR8Kc+IqzdTtlrGeMDv+jjTYfkTFPmh2rF9yxVchi/4WM6js3gt2UauQeMV/tfnZNemENQ=="],

    "@oxlint/binding-android-arm-eabi": ["@oxlint/binding-android-arm-eabi@1.58.0", "", { "os": "android", "cpu": "arm" }, "sha512-1T7UN3SsWWxpWyWGn1cT3ASNJOo+pI3eUkmEl7HgtowapcV8kslYpFQcYn431VuxghXakPNlbjRwhqmR37PFOg=="],

    "@oxlint/binding-android-arm64": ["@oxlint/binding-android-arm64@1.58.0", "", { "os": "android", "cpu": "arm64" }, "sha512-GryzujxuiRv2YFF7bRy8mKcxlbuAN+euVUtGJt9KKbLT8JBUIosamVhcthLh+VEr6KE6cjeVMAQxKAzJcoN7dg=="],

    "@oxlint/binding-darwin-arm64": ["@oxlint/binding-darwin-arm64@1.58.0", "", { "os": "darwin", "cpu": "arm64" }, "sha512-7/bRSJIwl4GxeZL9rPZ11anNTyUO9epZrfEJH/ZMla3+/gbQ6xZixh9nOhsZ0QwsTW7/5J2A/fHbD1udC5DQQA=="],

    "@oxlint/binding-darwin-x64": ["@oxlint/binding-darwin-x64@1.58.0", "", { "os": "darwin", "cpu": "x64" }, "sha512-EqdtJSiHweS2vfILNrpyJ6HUwpEq2g7+4Zx1FPi4hu3Hu7tC3znF6ufbXO8Ub2LD4mGgznjI7kSdku9NDD1Mkg=="],

    "@oxlint/binding-freebsd-x64": ["@oxlint/binding-freebsd-x64@1.58.0", "", { "os": "freebsd", "cpu": "x64" }, "sha512-VQt5TH4M42mY20F545G637RKxV/yjwVtKk2vfXuazfReSIiuvWBnv+FVSvIV5fKVTJNjt3GSJibh6JecbhGdBw=="],

    "@oxlint/binding-linux-arm-gnueabihf": ["@oxlint/binding-linux-arm-gnueabihf@1.58.0", "", { "os": "linux", "cpu": "arm" }, "sha512-fBYcj4ucwpAtjJT3oeBdFBYKvNyjRSK+cyuvBOTQjh0jvKp4yeA4S/D0IsCHus/VPaNG5L48qQkh+Vjy3HL2/Q=="],

    "@oxlint/binding-linux-arm-musleabihf": ["@oxlint/binding-linux-arm-musleabihf@1.58.0", "", { "os": "linux", "cpu": "arm" }, "sha512-0BeuFfwlUHlJ1xpEdSD1YO3vByEFGPg36uLjK1JgFaxFb4W6w17F8ET8sz5cheZ4+x5f2xzdnRrrWv83E3Yd8g=="],

    "@oxlint/binding-linux-arm64-gnu": ["@oxlint/binding-linux-arm64-gnu@1.58.0", "", { "os": "linux", "cpu": "arm64" }, "sha512-TXlZgnPTlxrQzxG9ZXU7BNwx1Ilrr17P3GwZY0If2EzrinqRH3zXPc3HrRcBJgcsoZNMuNL5YivtkJYgp467UQ=="],

    "@oxlint/binding-linux-arm64-musl": ["@oxlint/binding-linux-arm64-musl@1.58.0", "", { "os": "linux", "cpu": "arm64" }, "sha512-zSoYRo5dxHLcUx93Stl2hW3hSNjPt99O70eRVWt5A1zwJ+FPjeCCANCD2a9R4JbHsdcl11TIQOjyigcRVOH2mw=="],

    "@oxlint/binding-linux-ppc64-gnu": ["@oxlint/binding-linux-ppc64-gnu@1.58.0", "", { "os": "linux", "cpu": "ppc64" }, "sha512-NQ0U/lqxH2/VxBYeAIvMNUK1y0a1bJ3ZicqkF2c6wfakbEciP9jvIE4yNzCFpZaqeIeRYaV7AVGqEO1yrfVPjA=="],

    "@oxlint/binding-linux-riscv64-gnu": ["@oxlint/binding-linux-riscv64-gnu@1.58.0", "", { "os": "linux", "cpu": "none" }, "sha512-X9J+kr3gIC9FT8GuZt0ekzpNUtkBVzMVU4KiKDSlocyQuEgi3gBbXYN8UkQiV77FTusLDPsovjo95YedHr+3yg=="],

    "@oxlint/binding-linux-riscv64-musl": ["@oxlint/binding-linux-riscv64-musl@1.58.0", "", { "os": "linux", "cpu": "none" }, "sha512-CDze3pi1OO3Wvb/QsXjmLEY4XPKGM6kIo82ssNOgmcl1IdndF9VSGAE38YLhADWmOac7fjqhBw82LozuUVxD0Q=="],

    "@oxlint/binding-linux-s390x-gnu": ["@oxlint/binding-linux-s390x-gnu@1.58.0", "", { "os": "linux", "cpu": "s390x" }, "sha512-b/89glbxFaEAcA6Uf1FvCNecBJEgcUTsV1quzrqXM/o4R1M4u+2KCVuyGCayN2UpsRWtGGLb+Ver0tBBpxaPog=="],

    "@oxlint/binding-linux-x64-gnu": ["@oxlint/binding-linux-x64-gnu@1.58.0", "", { "os": "linux", "cpu": "x64" }, "sha512-0/yYpkq9VJFCEcuRlrViGj8pJUFFvNS4EkEREaN7CB1EcLXJIaVSSa5eCihwBGXtOZxhnblWgxks9juRdNQI7w=="],

    "@oxlint/binding-linux-x64-musl": ["@oxlint/binding-linux-x64-musl@1.58.0", "", { "os": "linux", "cpu": "x64" }, "sha512-hr6FNvmcAXiH+JxSvaJ4SJ1HofkdqEElXICW9sm3/Rd5eC3t7kzvmLyRAB3NngKO2wzXRCAm4Z/mGWfrsS4X8w=="],

    "@oxlint/binding-openharmony-arm64": ["@oxlint/binding-openharmony-arm64@1.58.0", "", { "os": "none", "cpu": "arm64" }, "sha512-R+O368VXgRql1K6Xar+FEo7NEwfo13EibPMoTv3sesYQedRXd6m30Dh/7lZMxnrQVFfeo4EOfYIP4FpcgWQNHg=="],

    "@oxlint/binding-win32-arm64-msvc": ["@oxlint/binding-win32-arm64-msvc@1.58.0", "", { "os": "win32", "cpu": "arm64" }, "sha512-Q0FZiAY/3c4YRj4z3h9K1PgaByrifrfbBoODSeX7gy97UtB7pySPUQfC2B/GbxWU6k7CzQrRy5gME10PltLAFQ=="],

    "@oxlint/binding-win32-ia32-msvc": ["@oxlint/binding-win32-ia32-msvc@1.58.0", "", { "os": "win32", "cpu": "ia32" }, "sha512-Y8FKBABrSPp9H0QkRLHDHOSUgM/309a3IvOVgPcVxYcX70wxJrk608CuTg7w+C6vEd724X5wJoNkBcGYfH7nNQ=="],

    "@oxlint/binding-win32-x64-msvc": ["@oxlint/binding-win32-x64-msvc@1.58.0", "", { "os": "win32", "cpu": "x64" }, "sha512-bCn5rbiz5My+Bj7M09sDcnqW0QJyINRVxdZ65x1/Y2tGrMwherwK/lpk+HRQCKvXa8pcaQdF5KY5j54VGZLwNg=="],

    "@tsconfig/bun": ["@tsconfig/bun@1.0.10", "", {}, "sha512-5AV5YknQjNyoYzZ/8NG0dawqew/wH+x7ANiCfCIn29qo0cdbd1EryvFD1k5NSZWLBMOI/fGqMIaxi58GPIP9Cg=="],

    "@types/bun": ["@types/bun@1.3.11", "", { "dependencies": { "bun-types": "1.3.11" } }, "sha512-5vPne5QvtpjGpsGYXiFyycfpDF2ECyPcTSsFBMa0fraoxiQyMJ3SmuQIGhzPg2WJuWxVBoxWJ2kClYTcw/4fAg=="],

    "@types/node": ["@types/node@20.19.37", "", { "dependencies": { "undici-types": "~6.21.0" } }, "sha512-8kzdPJ3FsNsVIurqBs7oodNnCEVbni9yUEkaHbgptDACOPW04jimGagZ51E6+lXUwJjgnBw+hyko/lkFWCldqw=="],

    "@typescript/native-preview": ["@typescript/native-preview@7.0.0-dev.20260401.1", "", { "optionalDependencies": { "@typescript/native-preview-darwin-arm64": "7.0.0-dev.20260401.1", "@typescript/native-preview-darwin-x64": "7.0.0-dev.20260401.1", "@typescript/native-preview-linux-arm": "7.0.0-dev.20260401.1", "@typescript/native-preview-linux-arm64": "7.0.0-dev.20260401.1", "@typescript/native-preview-linux-x64": "7.0.0-dev.20260401.1", "@typescript/native-preview-win32-arm64": "7.0.0-dev.20260401.1", "@typescript/native-preview-win32-x64": "7.0.0-dev.20260401.1" }, "bin": { "tsgo": "bin/tsgo.js" } }, "sha512-xJcN9WlY/P6xKjCMH4+DTzZSj/EKR6H9avuqUKs4eKyPEvaQ4bX+9Ys3Vl2qhlUaD7IRWY7HN7db0LHAGlWRSA=="],

    "@typescript/native-preview-darwin-arm64": ["@typescript/native-preview-darwin-arm64@7.0.0-dev.20260401.1", "", { "os": "darwin", "cpu": "arm64" }, "sha512-9PCc1D4/zLic30g1upOw6ZmUl98fnrXYRv5wIZ6fxm1zZAObieRKUX3Jbr8M9N8iQQFxPIZPniIScsxAbmbJvw=="],

    "@typescript/native-preview-darwin-x64": ["@typescript/native-preview-darwin-x64@7.0.0-dev.20260401.1", "", { "os": "darwin", "cpu": "x64" }, "sha512-wwzca1KrjSVC6ApXfITsg/wF4GGbhVYebc7zChpuyi+phrHfw6ThTPB5XFUH4nA32vqw0Hn/6KACipMgzg8GPA=="],

    "@typescript/native-preview-linux-arm": ["@typescript/native-preview-linux-arm@7.0.0-dev.20260401.1", "", { "os": "linux", "cpu": "arm" }, "sha512-bbIkRZYjtyoyCJ3wFES7qn3EwYO5Go1hxArL5X5oWiBmUHq5gMIxTZDv5mpWxopVf9Eyh4ErHefXjf1s4J+6Ag=="],

    "@typescript/native-preview-linux-arm64": ["@typescript/native-preview-linux-arm64@7.0.0-dev.20260401.1", "", { "os": "linux", "cpu": "arm64" }, "sha512-1hgKibGi4QZF1J0hKltgY4nj4yKDmI4Ang5ar80I+YeUdGxV/fP2kU3bJang7QtHuSso6W+a52SF62zgqbzdow=="],

    "@typescript/native-preview-linux-x64": ["@typescript/native-preview-linux-x64@7.0.0-dev.20260401.1", "", { "os": "linux", "cpu": "x64" }, "sha512-1ysZ4c/Wa3RYIlrwVceYlhb1m1hxQ4P2x92valZXH0bNWEPb+oiQ4Yf35O/vi5h8zDdX/ZQ59vivYl27cF1VVA=="],

    "@typescript/native-preview-win32-arm64": ["@typescript/native-preview-win32-arm64@7.0.0-dev.20260401.1", "", { "os": "win32", "cpu": "arm64" }, "sha512-fZYLCRe36y1BuzRFFpU2/RQ212l6Y1dccRMh8oTB8HlAVAAwtbkb6cjEn0Ablj4Dy16+Ih8R9uHsxPLNhtKw1Q=="],

    "@typescript/native-preview-win32-x64": ["@typescript/native-preview-win32-x64@7.0.0-dev.20260401.1", "", { "os": "win32", "cpu": "x64" }, "sha512-I6ses4SjWvpbvSpm1BPFRrDeqrzu7JTchJG/a26iwwmTLv4fAGLc5/o6Kv9Naygozop1W3KOcVM5i3A9oxiIjQ=="],

    "bun-types": ["bun-types@1.3.11", "", { "dependencies": { "@types/node": "*" } }, "sha512-1KGPpoxQWl9f6wcZh57LvrPIInQMn2TQ7jsgxqpRzg+l0QPOFvJVH7HmvHo/AiPgwXy+/Thf6Ov3EdVn1vOabg=="],

    "oxfmt": ["oxfmt@0.43.0", "", { "dependencies": { "tinypool": "2.1.0" }, "optionalDependencies": { "@oxfmt/binding-android-arm-eabi": "0.43.0", "@oxfmt/binding-android-arm64": "0.43.0", "@oxfmt/binding-darwin-arm64": "0.43.0", "@oxfmt/binding-darwin-x64": "0.43.0", "@oxfmt/binding-freebsd-x64": "0.43.0", "@oxfmt/binding-linux-arm-gnueabihf": "0.43.0", "@oxfmt/binding-linux-arm-musleabihf": "0.43.0", "@oxfmt/binding-linux-arm64-gnu": "0.43.0", "@oxfmt/binding-linux-arm64-musl": "0.43.0", "@oxfmt/binding-linux-ppc64-gnu": "0.43.0", "@oxfmt/binding-linux-riscv64-gnu": "0.43.0", "@oxfmt/binding-linux-riscv64-musl": "0.43.0", "@oxfmt/binding-linux-s390x-gnu": "0.43.0", "@oxfmt/binding-linux-x64-gnu": "0.43.0", "@oxfmt/binding-linux-x64-musl": "0.43.0", "@oxfmt/binding-openharmony-arm64": "0.43.0", "@oxfmt/binding-win32-arm64-msvc": "0.43.0", "@oxfmt/binding-win32-ia32-msvc": "0.43.0", "@oxfmt/binding-win32-x64-msvc": "0.43.0" }, "bin": { "oxfmt": "bin/oxfmt" } }, "sha512-KTYNG5ISfHSdmeZ25Xzb3qgz9EmQvkaGAxgBY/p38+ZiAet3uZeu7FnMwcSQJg152Qwl0wnYAxDc+Z/H6cvrwA=="],

    "oxlint": ["oxlint@1.58.0", "", { "optionalDependencies": { "@oxlint/binding-android-arm-eabi": "1.58.0", "@oxlint/binding-android-arm64": "1.58.0", "@oxlint/binding-darwin-arm64": "1.58.0", "@oxlint/binding-darwin-x64": "1.58.0", "@oxlint/binding-freebsd-x64": "1.58.0", "@oxlint/binding-linux-arm-gnueabihf": "1.58.0", "@oxlint/binding-linux-arm-musleabihf": "1.58.0", "@oxlint/binding-linux-arm64-gnu": "1.58.0", "@oxlint/binding-linux-arm64-musl": "1.58.0", "@oxlint/binding-linux-ppc64-gnu": "1.58.0", "@oxlint/binding-linux-riscv64-gnu": "1.58.0", "@oxlint/binding-linux-riscv64-musl": "1.58.0", "@oxlint/binding-linux-s390x-gnu": "1.58.0", "@oxlint/binding-linux-x64-gnu": "1.58.0", "@oxlint/binding-linux-x64-musl": "1.58.0", "@oxlint/binding-openharmony-arm64": "1.58.0", "@oxlint/binding-win32-arm64-msvc": "1.58.0", "@oxlint/binding-win32-ia32-msvc": "1.58.0", "@oxlint/binding-win32-x64-msvc": "1.58.0" }, "peerDependencies": { "oxlint-tsgolint": ">=0.18.0" }, "optionalPeers": ["oxlint-tsgolint"], "bin": { "oxlint": "bin/oxlint" } }, "sha512-t4s9leczDMqlvOSjnbCQe7gtoLkWgBGZ7sBdCJ9EOj5IXFSG/X7OAzK4yuH4iW+4cAYe8kLFbC8tuYMwWZm+Cg=="],

    "oxlint-tsgolint": ["oxlint-tsgolint@0.19.0", "", { "optionalDependencies": { "@oxlint-tsgolint/darwin-arm64": "0.19.0", "@oxlint-tsgolint/darwin-x64": "0.19.0", "@oxlint-tsgolint/linux-arm64": "0.19.0", "@oxlint-tsgolint/linux-x64": "0.19.0", "@oxlint-tsgolint/win32-arm64": "0.19.0", "@oxlint-tsgolint/win32-x64": "0.19.0" }, "bin": { "tsgolint": "bin/tsgolint.js" } }, "sha512-pSzUmDjMyjC8iUUZ7fCLo0D1iUaYIfodd/WIQ6Zra11YkjkUQk3BOFoW4I5ec6uZ/0s2FEmxtiZ7hiTXFRp1cg=="],

    "semver": ["semver@7.7.4", "", { "bin": { "semver": "bin/semver.js" } }, "sha512-vFKC2IEtQnVhpT78h1Yp8wzwrf8CM+MzKMHGJZfBtzhZNycRFnXsHk6E5TxIkkMsgNS7mdX3AGB7x2QM2di4lA=="],

    "tinypool": ["tinypool@2.1.0", "", {}, "sha512-Pugqs6M0m7Lv1I7FtxN4aoyToKg1C4tu+/381vH35y8oENM/Ai7f7C4StcoK4/+BSw9ebcS8jRiVrORFKCALLw=="],

    "tunnel": ["tunnel@0.0.6", "", {}, "sha512-1h/Lnq9yajKY2PEbBadPXj3VxsDDu844OnaAo52UVmIzIvwwtBPIuNvkjuzBlTWpfJyUbG3ez0KSBibQkj4ojg=="],

    "undici": ["undici@6.24.1", "", {}, "sha512-sC+b0tB1whOCzbtlx20fx3WgCXwkW627p4EA9uM+/tNNPkSS+eSEld6pAs9nDv7WbY1UUljBMYPtu9BCOrCWKA=="],

    "undici-types": ["undici-types@6.21.0", "", {}, "sha512-iwDZqg0QAGrg9Rav5H4n0M64c3mkR59cJ6wQp+7C4nI0gsmExaedaYLNO44eT4AtBBwjbTiGPMlt2Md0T9H9JQ=="],
  }
}
